{
  "version": 4,
  "terraform_version": "1.14.9",
  "serial": 26,
  "lineage": "b5b7d773-21fc-c77b-3023-38881374982f",
  "outputs": {
    "cluster_endpoint": {
      "value": "https://1D2CC6770721DB3C776D9417DE90D93A.gr7.eu-central-1.eks.amazonaws.com",
      "type": "string"
    },
    "cluster_name": {
      "value": "skywatch-eks",
      "type": "string"
    },
    "cluster_security_group_id": {
      "value": "sg-0f5a2ddc25ab587ac",
      "type": "string"
    },
    "private_subnets": {
      "value": [
        "subnet-0e2edc953c2b38332",
        "subnet-05cf682214a5e1a17"
      ],
      "type": [
        "tuple",
        [
          "string",
          "string"
        ]
      ]
    },
    "public_subnets": {
      "value": [
        "subnet-075d34265c7fccfad",
        "subnet-06c536a6136c85140"
      ],
      "type": [
        "tuple",
        [
          "string",
          "string"
        ]
      ]
    },
    "vpc_id": {
      "value": "vpc-02d46e93092e86d55",
      "type": "string"
    }
  },
  "resources": [
    {
      "mode": "managed",
      "type": "aws_eip",
      "name": "nat",
      "provider": "provider[\"registry.terraform.io/hashicorp/aws\"]",
      "instances": [
        {
          "schema_version": 0,
          "attributes": {
            "address": null,
            "allocation_id": "eipalloc-0a252eeae43f661e9",
            "arn": "arn:aws:ec2:eu-central-1:337909760920:elastic-ip/eipalloc-0a252eeae43f661e9",
            "associate_with_private_ip": null,
            "association_id": "",
            "carrier_ip": "",
            "customer_owned_ip": "",
            "customer_owned_ipv4_pool": "",
            "domain": "vpc",
            "id": "eipalloc-0a252eeae43f661e9",
            "instance": "",
            "ipam_pool_id": "",
            "network_border_group": "eu-central-1",
            "network_interface": "",
            "private_dns": "",
            "private_ip": "",
            "ptr_record": "",
            "public_dns": "ec2-18-192-158-162.eu-central-1.compute.amazonaws.com",
            "public_ip": "18.192.158.162",
            "public_ipv4_pool": "amazon",
            "region": "eu-central-1",
            "tags": {
              "Environment": "dev",
              "ManagedBy": "Terraform",
              "Name": "skywatch-nat-eip",
              "Project": "skywatch"
            },
            "tags_all": {
              "Environment": "dev",
              "ManagedBy": "Terraform",
              "Name": "skywatch-nat-eip",
              "Project": "skywatch"
            },
            "timeouts": null
          },
          "sensitive_attributes": [],
          "identity_schema_version": 0,
          "identity": {
            "account_id": "337909760920",
            "id": "eipalloc-0a252eeae43f661e9",
            "region": "eu-central-1"
          },
          "private": "eyJlMmJmYjczMC1lY2FhLTExZTYtOGY4OC0zNDM2M2JjN2M0YzAiOnsiZGVsZXRlIjoxODAwMDAwMDAwMDAsInJlYWQiOjkwMDAwMDAwMDAwMCwidXBkYXRlIjozMDAwMDAwMDAwMDB9fQ=="
        }
      ]
    },
    {
      "mode": "managed",
      "type": "aws_eks_cluster",
      "name": "main",
      "provider": "provider[\"registry.terraform.io/hashicorp/aws\"]",
      "instances": [
        {
          "schema_version": 1,
          "attributes": {
            "access_config": [
              {
                "authentication_mode": "CONFIG_MAP",
                "bootstrap_cluster_creator_admin_permissions": true
              }
            ],
            "arn": "arn:aws:eks:eu-central-1:337909760920:cluster/skywatch-eks",
            "bootstrap_self_managed_addons": true,
            "certificate_authority": [
              {
                "data": "LS0tLS1CRUdJTiBDRVJUSUZJQ0FURS0tLS0tCk1JSURCVENDQWUyZ0F3SUJBZ0lJWnlwbG9VbUtJTFl3RFFZSktvWklodmNOQVFFTEJRQXdGVEVUTUJFR0ExVUUKQXhNS2EzVmlaWEp1WlhSbGN6QWVGdzB5TmpBMk1qZ3hNakV6TlRaYUZ3MHpOakEyTWpVeE1qRTROVFphTUJVeApFekFSQmdOVkJBTVRDbXQxWW1WeWJtVjBaWE13Z2dFaU1BMEdDU3FHU0liM0RRRUJBUVVBQTRJQkR3QXdnZ0VLCkFvSUJBUURKY0hFMGlLQ1hxbWhMdDkyWlpiUEVYRHZFdUpZMnM5V1hmMkRFNzFYYWx6Rkhxci9hem1XRFZFTHAKZDU4UjEyUW5BK256R0EveXIxa3FjY2VXa1NJbThFZTViNEpRR3BRL3hJUE1PZUtWd1lFNW5FVEdOYjU1VGJYbQpRMnFMNXYrK01rcitORlhyTHJkRUJvc0NNRjVLUk9MN1QyNnlYOWszSGVsbXhTTUNGSDhibVlaKzBkcTdVdGdVCmVlRGNJVzNlTTNZWlh1ZWt6UmZ0TlAyeVRzT2dDTnV1QjA2R0JLYi9UUlJnOTRDSktRZGk5ZHdTbmhFczM3T28Kd0d1NzJaM3VrbEFQMDE5dTZHTEVzUDZ0cnR0ckJrME1kSTgrV3Z2TXVIbEl0Njl4NUNrYnZqSkFrWVBXV0RkNwpUMlNsL2M0L3lGVitjbDQzanBFOHZzZFplK3EzQWdNQkFBR2pXVEJYTUE0R0ExVWREd0VCL3dRRUF3SUNwREFQCkJnTlZIUk1CQWY4RUJUQURBUUgvTUIwR0ExVWREZ1FXQkJRZzE5V2VHZWtMWVdtWlQ4NFpYQ2YvQzhXQmF6QVYKQmdOVkhSRUVEakFNZ2dwcmRXSmxjbTVsZEdWek1BMEdDU3FHU0liM0RRRUJDd1VBQTRJQkFRQ2JTSDYrdmdBdApMU1RBdGdxdlYrNEZRUXE0SmNTZUhDUVUrVXhmdXN3Q2xCZDhqcmxDQ1hsWVVIZlptYlF6bU9NNDZKRnNzUVcwCnR4Zkhuc0syUmdIMDF6Nlc5RnJ4RXdjbFlROXhFaGVXK1lYTlZhNFpJaTU0Mm5HK2ZTVWpPMG1QQnY4Sm15WjIKN3I1Vm1KYlFGdWZSZ1FSWHZRLzljNENLTUc1bVNEQ01oYnEzL1FJeFk0Vmk4ZmZ4MndxTlpicDFHYmF5eU9zcQprNUs3K0lhTll5OEdmaEpwSXZJaWpBWEYvRmszb2NPM2Q2KzZaYzBBb1NPMFpKa3I0blBob0x4ckxtSjdQUFg0CnB1WUhCL0pja1VKRVFUbEt3MnNXMkJoUFdrZ20weDBMZVlGY01OUnM0NjFMRVMwMGYrRnpOSVQyRUZkRkZIQnEKaVpaR0ovckZ0RUZzCi0tLS0tRU5EIENFUlRJRklDQVRFLS0tLS0K"
              }
            ],
            "cluster_id": null,
            "compute_config": [
              {
                "enabled": false,
                "node_pools": [],
                "node_role_arn": ""
              }
            ],
            "control_plane_scaling_config": [
              {
                "tier": "standard"
              }
            ],
            "created_at": "2026-06-28T12:14:26Z",
            "deletion_protection": false,
            "enabled_cluster_log_types": null,
            "encryption_config": [],
            "endpoint": "https://1D2CC6770721DB3C776D9417DE90D93A.gr7.eu-central-1.eks.amazonaws.com",
            "force_update_version": null,
            "id": "skywatch-eks",
            "identity": [
              {
                "oidc": [
                  {
                    "issuer": "https://oidc.eks.eu-central-1.amazonaws.com/id/1D2CC6770721DB3C776D9417DE90D93A"
                  }
                ]
              }
            ],
            "kubernetes_network_config": [
              {
                "elastic_load_balancing": [
                  {
                    "enabled": false
                  }
                ],
                "ip_family": "ipv4",
                "service_ipv4_cidr": "172.20.0.0/16",
                "service_ipv6_cidr": ""
              }
            ],
            "name": "skywatch-eks",
            "outpost_config": [],
            "platform_version": "eks.25",
            "region": "eu-central-1",
            "remote_network_config": [],
            "role_arn": "arn:aws:iam::337909760920:role/skywatch-eks-cluster-role",
            "status": "ACTIVE",
            "storage_config": [
              {
                "block_storage": [
                  {
                    "enabled": false
                  }
                ]
              }
            ],
            "tags": {
              "Environment": "dev",
              "ManagedBy": "Terraform",
              "Project": "skywatch"
            },
            "tags_all": {
              "Environment": "dev",
              "ManagedBy": "Terraform",
              "Project": "skywatch"
            },
            "timeouts": null,
            "upgrade_policy": [
              {
                "support_type": "EXTENDED"
              }
            ],
            "version": "1.34",
            "vpc_config": [
              {
                "cluster_security_group_id": "sg-0f5a2ddc25ab587ac",
                "control_plane_egress_mode": "AWS_MANAGED",
                "endpoint_private_access": true,
                "endpoint_public_access": true,
                "public_access_cidrs": [
                  "0.0.0.0/0"
                ],
                "security_group_ids": [
                  "sg-04a1b155a28df3899"
                ],
                "subnet_ids": [
                  "subnet-05cf682214a5e1a17",
                  "subnet-06c536a6136c85140",
                  "subnet-075d34265c7fccfad",
                  "subnet-0e2edc953c2b38332"
                ],
                "vpc_id": "vpc-02d46e93092e86d55"
              }
            ],
            "zonal_shift_config": []
          },
          "sensitive_attributes": [],
          "identity_schema_version": 0,
          "identity": {
            "account_id": "337909760920",
            "name": "skywatch-eks",
            "region": "eu-central-1"
          },
          "private": "eyJlMmJmYjczMC1lY2FhLTExZTYtOGY4OC0zNDM2M2JjN2M0YzAiOnsiY3JlYXRlIjoxODAwMDAwMDAwMDAwLCJkZWxldGUiOjkwMDAwMDAwMDAwMCwidXBkYXRlIjozNjAwMDAwMDAwMDAwfSwic2NoZW1hX3ZlcnNpb24iOiIxIn0=",
          "dependencies": [
            "aws_iam_role.eks_cluster",
            "aws_security_group.eks_cluster",
            "aws_subnet.private",
            "aws_subnet.public",
            "aws_vpc.main"
          ]
        }
      ]
    },
    {
      "mode": "managed",
      "type": "aws_eks_node_group",
      "name": "main",
      "provider": "provider[\"registry.terraform.io/hashicorp/aws\"]",
      "instances": [
        {
          "schema_version": 0,
          "attributes": {
            "ami_type": "AL2023_x86_64_STANDARD",
            "arn": "arn:aws:eks:eu-central-1:337909760920:nodegroup/skywatch-eks/skywatch-nodes/bacf8716-f4c4-5bee-3fdd-dfa18fc967bf",
            "capacity_type": "ON_DEMAND",
            "cluster_name": "skywatch-eks",
            "disk_size": 20,
            "force_update_version": null,
            "id": "skywatch-eks:skywatch-nodes",
            "instance_types": [
              "t3.medium"
            ],
            "labels": null,
            "launch_template": [],
            "node_group_name": "skywatch-nodes",
            "node_group_name_prefix": "",
            "node_repair_config": [],
            "node_role_arn": "arn:aws:iam::337909760920:role/skywatch-eks-node-role",
            "region": "eu-central-1",
            "release_version": "1.34.9-20260618",
            "remote_access": [],
            "resources": [
              {
                "autoscaling_groups": [
                  {
                    "name": "eks-skywatch-nodes-bacf8716-f4c4-5bee-3fdd-dfa18fc967bf"
                  }
                ],
                "remote_access_security_group_id": ""
              }
            ],
            "scaling_config": [
              {
                "desired_size": 1,
                "max_size": 2,
                "min_size": 1
              }
            ],
            "status": "ACTIVE",
            "subnet_ids": [
              "subnet-05cf682214a5e1a17",
              "subnet-0e2edc953c2b38332"
            ],
            "tags": {
              "Environment": "dev",
              "ManagedBy": "Terraform",
              "Project": "skywatch"
            },
            "tags_all": {
              "Environment": "dev",
              "ManagedBy": "Terraform",
              "Project": "skywatch"
            },
            "taint": [],
            "timeouts": null,
            "update_config": [
              {
                "max_unavailable": 1,
                "max_unavailable_percentage": 0,
                "update_strategy": ""
              }
            ],
            "version": "1.34"
          },
          "sensitive_attributes": [],
          "identity_schema_version": 0,
          "identity": {
            "account_id": "337909760920",
            "cluster_name": "skywatch-eks",
            "node_group_name": "skywatch-nodes",
            "region": "eu-central-1"
          },
          "private": "eyJlMmJmYjczMC1lY2FhLTExZTYtOGY4OC0zNDM2M2JjN2M0YzAiOnsiY3JlYXRlIjozNjAwMDAwMDAwMDAwLCJkZWxldGUiOjM2MDAwMDAwMDAwMDAsInVwZGF0ZSI6MzYwMDAwMDAwMDAwMH19",
          "dependencies": [
            "aws_eks_cluster.main",
            "aws_iam_role.eks_cluster",
            "aws_iam_role.eks_nodes",
            "aws_security_group.eks_cluster",
            "aws_subnet.private",
            "aws_subnet.public",
            "aws_vpc.main"
          ]
        }
      ]
    },
    {
      "mode": "managed",
      "type": "aws_iam_role",
      "name": "eks_cluster",
      "provider": "provider[\"registry.terraform.io/hashicorp/aws\"]",
      "instances": [
        {
          "schema_version": 0,
          "attributes": {
            "arn": "arn:aws:iam::337909760920:role/skywatch-eks-cluster-role",
            "assume_role_policy": "{\"Statement\":[{\"Action\":\"sts:AssumeRole\",\"Effect\":\"Allow\",\"Principal\":{\"Service\":\"eks.amazonaws.com\"}}],\"Version\":\"2012-10-17\"}",
            "create_date": "2026-06-28T12:14:09Z",
            "description": "",
            "force_detach_policies": false,
            "id": "skywatch-eks-cluster-role",
            "inline_policy": [],
            "managed_policy_arns": [],
            "max_session_duration": 3600,
            "name": "skywatch-eks-cluster-role",
            "name_prefix": "",
            "path": "/",
            "permissions_boundary": "",
            "tags": {
              "Environment": "dev",
              "ManagedBy": "Terraform",
              "Project": "skywatch"
            },
            "tags_all": {
              "Environment": "dev",
              "ManagedBy": "Terraform",
              "Project": "skywatch"
            },
            "unique_id": "AROAU5LH5YOMK7L5MZQ6H"
          },
          "sensitive_attributes": [],
          "identity_schema_version": 0,
          "identity": {
            "account_id": "337909760920",
            "name": "skywatch-eks-cluster-role"
          },
          "private": "bnVsbA=="
        }
      ]
    },
    {
      "mode": "managed",
      "type": "aws_iam_role",
      "name": "eks_nodes",
      "provider": "provider[\"registry.terraform.io/hashicorp/aws\"]",
      "instances": [
        {
          "schema_version": 0,
          "attributes": {
            "arn": "arn:aws:iam::337909760920:role/skywatch-eks-node-role",
            "assume_role_policy": "{\"Statement\":[{\"Action\":\"sts:AssumeRole\",\"Effect\":\"Allow\",\"Principal\":{\"Service\":\"ec2.amazonaws.com\"}}],\"Version\":\"2012-10-17\"}",
            "create_date": "2026-06-28T12:14:09Z",
            "description": "",
            "force_detach_policies": false,
            "id": "skywatch-eks-node-role",
            "inline_policy": [],
            "managed_policy_arns": [],
            "max_session_duration": 3600,
            "name": "skywatch-eks-node-role",
            "name_prefix": "",
            "path": "/",
            "permissions_boundary": "",
            "tags": {
              "Environment": "dev",
              "ManagedBy": "Terraform",
              "Project": "skywatch"
            },
            "tags_all": {
              "Environment": "dev",
              "ManagedBy": "Terraform",
              "Project": "skywatch"
            },
            "unique_id": "AROAU5LH5YOMLZU4UPIJ3"
          },
          "sensitive_attributes": [],
          "identity_schema_version": 0,
          "identity": {
            "account_id": "337909760920",
            "name": "skywatch-eks-node-role"
          },
          "private": "bnVsbA=="
        }
      ]
    },
    {
      "mode": "managed",
      "type": "aws_iam_role_policy_attachment",
      "name": "eks_cluster",
      "provider": "provider[\"registry.terraform.io/hashicorp/aws\"]",
      "instances": [
        {
          "schema_version": 0,
          "attributes": {
            "id": "skywatch-eks-cluster-role/arn:aws:iam::aws:policy/AmazonEKSClusterPolicy",
            "policy_arn": "arn:aws:iam::aws:policy/AmazonEKSClusterPolicy",
            "role": "skywatch-eks-cluster-role"
          },
          "sensitive_attributes": [],
          "identity_schema_version": 0,
          "identity": {
            "account_id": "337909760920",
            "policy_arn": "arn:aws:iam::aws:policy/AmazonEKSClusterPolicy",
            "role": "skywatch-eks-cluster-role"
          },
          "private": "bnVsbA==",
          "dependencies": [
            "aws_iam_role.eks_cluster"
          ]
        }
      ]
    },
    {
      "mode": "managed",
      "type": "aws_iam_role_policy_attachment",
      "name": "eks_nodes_cni",
      "provider": "provider[\"registry.terraform.io/hashicorp/aws\"]",
      "instances": [
        {
          "schema_version": 0,
          "attributes": {
            "id": "skywatch-eks-node-role/arn:aws:iam::aws:policy/AmazonEKS_CNI_Policy",
            "policy_arn": "arn:aws:iam::aws:policy/AmazonEKS_CNI_Policy",
            "role": "skywatch-eks-node-role"
          },
          "sensitive_attributes": [],
          "identity_schema_version": 0,
          "identity": {
            "account_id": "337909760920",
            "policy_arn": "arn:aws:iam::aws:policy/AmazonEKS_CNI_Policy",
            "role": "skywatch-eks-node-role"
          },
          "private": "bnVsbA==",
          "dependencies": [
            "aws_iam_role.eks_nodes"
          ]
        }
      ]
    },
    {
      "mode": "managed",
      "type": "aws_iam_role_policy_attachment",
      "name": "eks_nodes_registry",
      "provider": "provider[\"registry.terraform.io/hashicorp/aws\"]",
      "instances": [
        {
          "schema_version": 0,
          "attributes": {
            "id": "skywatch-eks-node-role/arn:aws:iam::aws:policy/AmazonEC2ContainerRegistryReadOnly",
            "policy_arn": "arn:aws:iam::aws:policy/AmazonEC2ContainerRegistryReadOnly",
            "role": "skywatch-eks-node-role"
          },
          "sensitive_attributes": [],
          "identity_schema_version": 0,
          "identity": {
            "account_id": "337909760920",
            "policy_arn": "arn:aws:iam::aws:policy/AmazonEC2ContainerRegistryReadOnly",
            "role": "skywatch-eks-node-role"
          },
          "private": "bnVsbA==",
          "dependencies": [
            "aws_iam_role.eks_nodes"
          ]
        }
      ]
    },
    {
      "mode": "managed",
      "type": "aws_iam_role_policy_attachment",
      "name": "eks_nodes_worker",
      "provider": "provider[\"registry.terraform.io/hashicorp/aws\"]",
      "instances": [
        {
          "schema_version": 0,
          "attributes": {
            "id": "skywatch-eks-node-role/arn:aws:iam::aws:policy/AmazonEKSWorkerNodePolicy",
            "policy_arn": "arn:aws:iam::aws:policy/AmazonEKSWorkerNodePolicy",
            "role": "skywatch-eks-node-role"
          },
          "sensitive_attributes": [],
          "identity_schema_version": 0,
          "identity": {
            "account_id": "337909760920",
            "policy_arn": "arn:aws:iam::aws:policy/AmazonEKSWorkerNodePolicy",
            "role": "skywatch-eks-node-role"
          },
          "private": "bnVsbA==",
          "dependencies": [
            "aws_iam_role.eks_nodes"
          ]
        }
      ]
    },
    {
      "mode": "managed",
      "type": "aws_internet_gateway",
      "name": "main",
      "provider": "provider[\"registry.terraform.io/hashicorp/aws\"]",
      "instances": [
        {
          "schema_version": 0,
          "attributes": {
            "arn": "arn:aws:ec2:eu-central-1:337909760920:internet-gateway/igw-036f084885c0b89ac",
            "id": "igw-036f084885c0b89ac",
            "owner_id": "337909760920",
            "region": "eu-central-1",
            "tags": {
              "Environment": "dev",
              "ManagedBy": "Terraform",
              "Name": "skywatch-igw",
              "Project": "skywatch"
            },
            "tags_all": {
              "Environment": "dev",
              "ManagedBy": "Terraform",
              "Name": "skywatch-igw",
              "Project": "skywatch"
            },
            "timeouts": null,
            "vpc_id": "vpc-02d46e93092e86d55"
          },
          "sensitive_attributes": [],
          "identity_schema_version": 0,
          "identity": {
            "account_id": "337909760920",
            "id": "igw-036f084885c0b89ac",
            "region": "eu-central-1"
          },
          "private": "eyJlMmJmYjczMC1lY2FhLTExZTYtOGY4OC0zNDM2M2JjN2M0YzAiOnsiY3JlYXRlIjoxMjAwMDAwMDAwMDAwLCJkZWxldGUiOjEyMDAwMDAwMDAwMDAsInVwZGF0ZSI6MTIwMDAwMDAwMDAwMH19",
          "dependencies": [
            "aws_vpc.main"
          ]
        }
      ]
    },
    {
      "mode": "managed",
      "type": "aws_nat_gateway",
      "name": "main",
      "provider": "provider[\"registry.terraform.io/hashicorp/aws\"]",
      "instances": [
        {
          "schema_version": 0,
          "attributes": {
            "allocation_id": "eipalloc-0a252eeae43f661e9",
            "association_id": "eipassoc-09319ac2fcdeeae20",
            "auto_provision_zones": null,
            "auto_scaling_ips": null,
            "availability_mode": "zonal",
            "availability_zone_address": [],
            "connectivity_type": "public",
            "id": "nat-04b4650b1d048a55f",
            "network_interface_id": "eni-040b32a03c0d60c54",
            "private_ip": "10.0.1.34",
            "public_ip": "18.192.158.162",
            "region": "eu-central-1",
            "regional_nat_gateway_address": [],
            "regional_nat_gateway_auto_mode": null,
            "route_table_id": null,
            "secondary_allocation_ids": [],
            "secondary_private_ip_address_count": 0,
            "secondary_private_ip_addresses": [],
            "subnet_id": "subnet-075d34265c7fccfad",
            "tags": {
              "Environment": "dev",
              "ManagedBy": "Terraform",
              "Name": "skywatch-nat",
              "Project": "skywatch"
            },
            "tags_all": {
              "Environment": "dev",
              "ManagedBy": "Terraform",
              "Name": "skywatch-nat",
              "Project": "skywatch"
            },
            "timeouts": null,
            "vpc_id": "vpc-02d46e93092e86d55"
          },
          "sensitive_attributes": [],
          "identity_schema_version": 0,
          "identity": {
            "account_id": "337909760920",
            "id": "nat-04b4650b1d048a55f",
            "region": "eu-central-1"
          },
          "private": "eyJlMmJmYjczMC1lY2FhLTExZTYtOGY4OC0zNDM2M2JjN2M0YzAiOnsiY3JlYXRlIjo2MDAwMDAwMDAwMDAsImRlbGV0ZSI6MTgwMDAwMDAwMDAwMCwidXBkYXRlIjo2MDAwMDAwMDAwMDB9fQ==",
          "dependencies": [
            "aws_eip.nat",
            "aws_internet_gateway.main",
            "aws_subnet.public",
            "aws_vpc.main"
          ]
        }
      ]
    },
    {
      "mode": "managed",
      "type": "aws_route",
      "name": "private_nat",
      "provider": "provider[\"registry.terraform.io/hashicorp/aws\"]",
      "instances": [
        {
          "schema_version": 0,
          "attributes": {
            "carrier_gateway_id": "",
            "core_network_arn": "",
            "destination_cidr_block": "0.0.0.0/0",
            "destination_ipv6_cidr_block": "",
            "destination_prefix_list_id": "",
            "egress_only_gateway_id": "",
            "gateway_id": "",
            "id": "r-rtb-0c9f4736f6fd1162e1080289494",
            "instance_id": "",
            "instance_owner_id": "",
            "local_gateway_id": "",
            "nat_gateway_id": "nat-04b4650b1d048a55f",
            "network_interface_id": "",
            "odb_network_arn": "",
            "origin": "CreateRoute",
            "region": "eu-central-1",
            "route_table_id": "rtb-0c9f4736f6fd1162e",
            "state": "active",
            "timeouts": null,
            "transit_gateway_id": "",
            "vpc_endpoint_id": "",
            "vpc_peering_connection_id": ""
          },
          "sensitive_attributes": [],
          "identity_schema_version": 0,
          "identity": {
            "account_id": "337909760920",
            "destination_cidr_block": "0.0.0.0/0",
            "destination_ipv6_cidr_block": null,
            "destination_prefix_list_id": null,
            "region": "eu-central-1",
            "route_table_id": "rtb-0c9f4736f6fd1162e"
          },
          "private": "eyJlMmJmYjczMC1lY2FhLTExZTYtOGY4OC0zNDM2M2JjN2M0YzAiOnsiY3JlYXRlIjozMDAwMDAwMDAwMDAsImRlbGV0ZSI6MzAwMDAwMDAwMDAwLCJ1cGRhdGUiOjEyMDAwMDAwMDAwMH19",
          "dependencies": [
            "aws_eip.nat",
            "aws_internet_gateway.main",
            "aws_nat_gateway.main",
            "aws_route_table.private",
            "aws_subnet.public",
            "aws_vpc.main"
          ]
        }
      ]
    },
    {
      "mode": "managed",
      "type": "aws_route_table",
      "name": "private",
      "provider": "provider[\"registry.terraform.io/hashicorp/aws\"]",
      "instances": [
        {
          "schema_version": 0,
          "attributes": {
            "arn": "arn:aws:ec2:eu-central-1:337909760920:route-table/rtb-0c9f4736f6fd1162e",
            "id": "rtb-0c9f4736f6fd1162e",
            "owner_id": "337909760920",
            "propagating_vgws": [],
            "region": "eu-central-1",
            "route": [],
            "tags": {
              "Environment": "dev",
              "ManagedBy": "Terraform",
              "Name": "skywatch-private-rt",
              "Project": "skywatch"
            },
            "tags_all": {
              "Environment": "dev",
              "ManagedBy": "Terraform",
              "Name": "skywatch-private-rt",
              "Project": "skywatch"
            },
            "timeouts": null,
            "vpc_id": "vpc-02d46e93092e86d55"
          },
          "sensitive_attributes": [],
          "identity_schema_version": 0,
          "identity": {
            "account_id": "337909760920",
            "id": "rtb-0c9f4736f6fd1162e",
            "region": "eu-central-1"
          },
          "private": "eyJlMmJmYjczMC1lY2FhLTExZTYtOGY4OC0zNDM2M2JjN2M0YzAiOnsiY3JlYXRlIjozMDAwMDAwMDAwMDAsImRlbGV0ZSI6MzAwMDAwMDAwMDAwLCJ1cGRhdGUiOjEyMDAwMDAwMDAwMH19",
          "dependencies": [
            "aws_vpc.main"
          ]
        }
      ]
    },
    {
      "mode": "managed",
      "type": "aws_route_table",
      "name": "public",
      "provider": "provider[\"registry.terraform.io/hashicorp/aws\"]",
      "instances": [
        {
          "schema_version": 0,
          "attributes": {
            "arn": "arn:aws:ec2:eu-central-1:337909760920:route-table/rtb-04d8d6ea9109b771d",
            "id": "rtb-04d8d6ea9109b771d",
            "owner_id": "337909760920",
            "propagating_vgws": [],
            "region": "eu-central-1",
            "route": [
              {
                "carrier_gateway_id": "",
                "cidr_block": "0.0.0.0/0",
                "core_network_arn": "",
                "destination_prefix_list_id": "",
                "egress_only_gateway_id": "",
                "gateway_id": "igw-036f084885c0b89ac",
                "ipv6_cidr_block": "",
                "local_gateway_id": "",
                "nat_gateway_id": "",
                "network_interface_id": "",
                "odb_network_arn": "",
                "transit_gateway_id": "",
                "vpc_endpoint_id": "",
                "vpc_peering_connection_id": ""
              }
            ],
            "tags": {
              "Environment": "dev",
              "ManagedBy": "Terraform",
              "Name": "skywatch-public-rt",
              "Project": "skywatch"
            },
            "tags_all": {
              "Environment": "dev",
              "ManagedBy": "Terraform",
              "Name": "skywatch-public-rt",
              "Project": "skywatch"
            },
            "timeouts": null,
            "vpc_id": "vpc-02d46e93092e86d55"
          },
          "sensitive_attributes": [],
          "identity_schema_version": 0,
          "identity": {
            "account_id": "337909760920",
            "id": "rtb-04d8d6ea9109b771d",
            "region": "eu-central-1"
          },
          "private": "eyJlMmJmYjczMC1lY2FhLTExZTYtOGY4OC0zNDM2M2JjN2M0YzAiOnsiY3JlYXRlIjozMDAwMDAwMDAwMDAsImRlbGV0ZSI6MzAwMDAwMDAwMDAwLCJ1cGRhdGUiOjEyMDAwMDAwMDAwMH19",
          "dependencies": [
            "aws_internet_gateway.main",
            "aws_vpc.main"
          ]
        }
      ]
    },
    {
      "mode": "managed",
      "type": "aws_route_table_association",
      "name": "private",
      "provider": "provider[\"registry.terraform.io/hashicorp/aws\"]",
      "instances": [
        {
          "index_key": 0,
          "schema_version": 0,
          "attributes": {
            "gateway_id": "",
            "id": "rtbassoc-09ce20cc700a641f0",
            "region": "eu-central-1",
            "route_table_id": "rtb-0c9f4736f6fd1162e",
            "subnet_id": "subnet-0e2edc953c2b38332",
            "timeouts": null
          },
          "sensitive_attributes": [],
          "identity_schema_version": 0,
          "identity": {
            "account_id": "337909760920",
            "id": "rtbassoc-09ce20cc700a641f0",
            "region": "eu-central-1"
          },
          "private": "eyJlMmJmYjczMC1lY2FhLTExZTYtOGY4OC0zNDM2M2JjN2M0YzAiOnsiY3JlYXRlIjozMDAwMDAwMDAwMDAsImRlbGV0ZSI6MzAwMDAwMDAwMDAwLCJ1cGRhdGUiOjEyMDAwMDAwMDAwMH19",
          "dependencies": [
            "aws_route_table.private",
            "aws_subnet.private",
            "aws_vpc.main"
          ]
        },
        {
          "index_key": 1,
          "schema_version": 0,
          "attributes": {
            "gateway_id": "",
            "id": "rtbassoc-0968dae45f5918bdf",
            "region": "eu-central-1",
            "route_table_id": "rtb-0c9f4736f6fd1162e",
            "subnet_id": "subnet-05cf682214a5e1a17",
            "timeouts": null
          },
          "sensitive_attributes": [],
          "identity_schema_version": 0,
          "identity": {
            "account_id": "337909760920",
            "id": "rtbassoc-0968dae45f5918bdf",
            "region": "eu-central-1"
          },
          "private": "eyJlMmJmYjczMC1lY2FhLTExZTYtOGY4OC0zNDM2M2JjN2M0YzAiOnsiY3JlYXRlIjozMDAwMDAwMDAwMDAsImRlbGV0ZSI6MzAwMDAwMDAwMDAwLCJ1cGRhdGUiOjEyMDAwMDAwMDAwMH19",
          "dependencies": [
            "aws_route_table.private",
            "aws_subnet.private",
            "aws_vpc.main"
          ]
        }
      ]
    },
    {
      "mode": "managed",
      "type": "aws_route_table_association",
      "name": "public",
      "provider": "provider[\"registry.terraform.io/hashicorp/aws\"]",
      "instances": [
        {
          "index_key": 0,
          "schema_version": 0,
          "attributes": {
            "gateway_id": "",
            "id": "rtbassoc-06de2efcbd6a1d3f1",
            "region": "eu-central-1",
            "route_table_id": "rtb-04d8d6ea9109b771d",
            "subnet_id": "subnet-075d34265c7fccfad",
            "timeouts": null
          },
          "sensitive_attributes": [],
          "identity_schema_version": 0,
          "identity": {
            "account_id": "337909760920",
            "id": "rtbassoc-06de2efcbd6a1d3f1",
            "region": "eu-central-1"
          },
          "private": "eyJlMmJmYjczMC1lY2FhLTExZTYtOGY4OC0zNDM2M2JjN2M0YzAiOnsiY3JlYXRlIjozMDAwMDAwMDAwMDAsImRlbGV0ZSI6MzAwMDAwMDAwMDAwLCJ1cGRhdGUiOjEyMDAwMDAwMDAwMH19",
          "dependencies": [
            "aws_internet_gateway.main",
            "aws_route_table.public",
            "aws_subnet.public",
            "aws_vpc.main"
          ]
        },
        {
          "index_key": 1,
          "schema_version": 0,
          "attributes": {
            "gateway_id": "",
            "id": "rtbassoc-0d75e8abe397cdeea",
            "region": "eu-central-1",
            "route_table_id": "rtb-04d8d6ea9109b771d",
            "subnet_id": "subnet-06c536a6136c85140",
            "timeouts": null
          },
          "sensitive_attributes": [],
          "identity_schema_version": 0,
          "identity": {
            "account_id": "337909760920",
            "id": "rtbassoc-0d75e8abe397cdeea",
            "region": "eu-central-1"
          },
          "private": "eyJlMmJmYjczMC1lY2FhLTExZTYtOGY4OC0zNDM2M2JjN2M0YzAiOnsiY3JlYXRlIjozMDAwMDAwMDAwMDAsImRlbGV0ZSI6MzAwMDAwMDAwMDAwLCJ1cGRhdGUiOjEyMDAwMDAwMDAwMH19",
          "dependencies": [
            "aws_internet_gateway.main",
            "aws_route_table.public",
            "aws_subnet.public",
            "aws_vpc.main"
          ]
        }
      ]
    },
    {
      "mode": "managed",
      "type": "aws_security_group",
      "name": "eks_cluster",
      "provider": "provider[\"registry.terraform.io/hashicorp/aws\"]",
      "instances": [
        {
          "schema_version": 1,
          "attributes": {
            "arn": "arn:aws:ec2:eu-central-1:337909760920:security-group/sg-04a1b155a28df3899",
            "description": "Security group for EKS cluster",
            "egress": [
              {
                "cidr_blocks": [
                  "0.0.0.0/0"
                ],
                "description": "",
                "from_port": 0,
                "ipv6_cidr_blocks": [],
                "prefix_list_ids": [],
                "protocol": "-1",
                "security_groups": [],
                "self": false,
                "to_port": 0
              }
            ],
            "id": "sg-04a1b155a28df3899",
            "ingress": [],
            "name": "skywatch-eks-cluster-sg",
            "name_prefix": "",
            "owner_id": "337909760920",
            "region": "eu-central-1",
            "revoke_rules_on_delete": false,
            "tags": {
              "Environment": "dev",
              "ManagedBy": "Terraform",
              "Name": "skywatch-eks-cluster-sg",
              "Project": "skywatch"
            },
            "tags_all": {
              "Environment": "dev",
              "ManagedBy": "Terraform",
              "Name": "skywatch-eks-cluster-sg",
              "Project": "skywatch"
            },
            "timeouts": null,
            "vpc_id": "vpc-02d46e93092e86d55"
          },
          "sensitive_attributes": [],
          "identity_schema_version": 0,
          "identity": {
            "account_id": "337909760920",
            "id": "sg-04a1b155a28df3899",
            "region": "eu-central-1"
          },
          "private": "eyJlMmJmYjczMC1lY2FhLTExZTYtOGY4OC0zNDM2M2JjN2M0YzAiOnsiY3JlYXRlIjo2MDAwMDAwMDAwMDAsImRlbGV0ZSI6OTAwMDAwMDAwMDAwfSwic2NoZW1hX3ZlcnNpb24iOiIxIn0=",
          "dependencies": [
            "aws_vpc.main"
          ]
        }
      ]
    },
    {
      "mode": "managed",
      "type": "aws_security_group",
      "name": "eks_nodes",
      "provider": "provider[\"registry.terraform.io/hashicorp/aws\"]",
      "instances": [
        {
          "schema_version": 1,
          "attributes": {
            "arn": "arn:aws:ec2:eu-central-1:337909760920:security-group/sg-08b9576100273ece9",
            "description": "Security group for EKS worker nodes",
            "egress": [
              {
                "cidr_blocks": [
                  "0.0.0.0/0"
                ],
                "description": "",
                "from_port": 0,
                "ipv6_cidr_blocks": [],
                "prefix_list_ids": [],
                "protocol": "-1",
                "security_groups": [],
                "self": false,
                "to_port": 0
              }
            ],
            "id": "sg-08b9576100273ece9",
            "ingress": [
              {
                "cidr_blocks": [],
                "description": "",
                "from_port": 0,
                "ipv6_cidr_blocks": [],
                "prefix_list_ids": [],
                "protocol": "-1",
                "security_groups": [
                  "sg-04a1b155a28df3899"
                ],
                "self": false,
                "to_port": 0
              }
            ],
            "name": "skywatch-eks-nodes-sg",
            "name_prefix": "",
            "owner_id": "337909760920",
            "region": "eu-central-1",
            "revoke_rules_on_delete": false,
            "tags": {
              "Environment": "dev",
              "ManagedBy": "Terraform",
              "Name": "skywatch-eks-nodes-sg",
              "Project": "skywatch"
            },
            "tags_all": {
              "Environment": "dev",
              "ManagedBy": "Terraform",
              "Name": "skywatch-eks-nodes-sg",
              "Project": "skywatch"
            },
            "timeouts": null,
            "vpc_id": "vpc-02d46e93092e86d55"
          },
          "sensitive_attributes": [],
          "identity_schema_version": 0,
          "identity": {
            "account_id": "337909760920",
            "id": "sg-08b9576100273ece9",
            "region": "eu-central-1"
          },
          "private": "eyJlMmJmYjczMC1lY2FhLTExZTYtOGY4OC0zNDM2M2JjN2M0YzAiOnsiY3JlYXRlIjo2MDAwMDAwMDAwMDAsImRlbGV0ZSI6OTAwMDAwMDAwMDAwfSwic2NoZW1hX3ZlcnNpb24iOiIxIn0=",
          "dependencies": [
            "aws_security_group.eks_cluster",
            "aws_vpc.main"
          ]
        }
      ]
    },
    {
      "mode": "managed",
      "type": "aws_subnet",
      "name": "private",
      "provider": "provider[\"registry.terraform.io/hashicorp/aws\"]",
      "instances": [
        {
          "index_key": 0,
          "schema_version": 1,
          "attributes": {
            "arn": "arn:aws:ec2:eu-central-1:337909760920:subnet/subnet-0e2edc953c2b38332",
            "assign_ipv6_address_on_creation": false,
            "availability_zone": "eu-central-1a",
            "availability_zone_id": "euc1-az2",
            "cidr_block": "10.0.101.0/24",
            "customer_owned_ipv4_pool": "",
            "enable_dns64": false,
            "enable_lni_at_device_index": 0,
            "enable_resource_name_dns_a_record_on_launch": false,
            "enable_resource_name_dns_aaaa_record_on_launch": false,
            "id": "subnet-0e2edc953c2b38332",
            "ipv4_ipam_pool_id": null,
            "ipv4_netmask_length": null,
            "ipv6_cidr_block": "",
            "ipv6_cidr_block_association_id": "",
            "ipv6_ipam_pool_id": null,
            "ipv6_native": false,
            "ipv6_netmask_length": null,
            "map_customer_owned_ip_on_launch": false,
            "map_public_ip_on_launch": false,
            "outpost_arn": "",
            "owner_id": "337909760920",
            "private_dns_hostname_type_on_launch": "ip-name",
            "region": "eu-central-1",
            "tags": {
              "Environment": "dev",
              "ManagedBy": "Terraform",
              "Name": "skywatch-private-1",
              "Project": "skywatch",
              "kubernetes.io/role/internal-elb": "1"
            },
            "tags_all": {
              "Environment": "dev",
              "ManagedBy": "Terraform",
              "Name": "skywatch-private-1",
              "Project": "skywatch",
              "kubernetes.io/role/internal-elb": "1"
            },
            "timeouts": null,
            "vpc_id": "vpc-02d46e93092e86d55"
          },
          "sensitive_attributes": [],
          "identity_schema_version": 0,
          "identity": {
            "account_id": "337909760920",
            "id": "subnet-0e2edc953c2b38332",
            "region": "eu-central-1"
          },
          "private": "eyJlMmJmYjczMC1lY2FhLTExZTYtOGY4OC0zNDM2M2JjN2M0YzAiOnsiY3JlYXRlIjo2MDAwMDAwMDAwMDAsImRlbGV0ZSI6MTIwMDAwMDAwMDAwMH0sInNjaGVtYV92ZXJzaW9uIjoiMSJ9",
          "dependencies": [
            "aws_vpc.main"
          ]
        },
        {
          "index_key": 1,
          "schema_version": 1,
          "attributes": {
            "arn": "arn:aws:ec2:eu-central-1:337909760920:subnet/subnet-05cf682214a5e1a17",
            "assign_ipv6_address_on_creation": false,
            "availability_zone": "eu-central-1b",
            "availability_zone_id": "euc1-az3",
            "cidr_block": "10.0.102.0/24",
            "customer_owned_ipv4_pool": "",
            "enable_dns64": false,
            "enable_lni_at_device_index": 0,
            "enable_resource_name_dns_a_record_on_launch": false,
            "enable_resource_name_dns_aaaa_record_on_launch": false,
            "id": "subnet-05cf682214a5e1a17",
            "ipv4_ipam_pool_id": null,
            "ipv4_netmask_length": null,
            "ipv6_cidr_block": "",
            "ipv6_cidr_block_association_id": "",
            "ipv6_ipam_pool_id": null,
            "ipv6_native": false,
            "ipv6_netmask_length": null,
            "map_customer_owned_ip_on_launch": false,
            "map_public_ip_on_launch": false,
            "outpost_arn": "",
            "owner_id": "337909760920",
            "private_dns_hostname_type_on_launch": "ip-name",
            "region": "eu-central-1",
            "tags": {
              "Environment": "dev",
              "ManagedBy": "Terraform",
              "Name": "skywatch-private-2",
              "Project": "skywatch",
              "kubernetes.io/role/internal-elb": "1"
            },
            "tags_all": {
              "Environment": "dev",
              "ManagedBy": "Terraform",
              "Name": "skywatch-private-2",
              "Project": "skywatch",
              "kubernetes.io/role/internal-elb": "1"
            },
            "timeouts": null,
            "vpc_id": "vpc-02d46e93092e86d55"
          },
          "sensitive_attributes": [],
          "identity_schema_version": 0,
          "identity": {
            "account_id": "337909760920",
            "id": "subnet-05cf682214a5e1a17",
            "region": "eu-central-1"
          },
          "private": "eyJlMmJmYjczMC1lY2FhLTExZTYtOGY4OC0zNDM2M2JjN2M0YzAiOnsiY3JlYXRlIjo2MDAwMDAwMDAwMDAsImRlbGV0ZSI6MTIwMDAwMDAwMDAwMH0sInNjaGVtYV92ZXJzaW9uIjoiMSJ9",
          "dependencies": [
            "aws_vpc.main"
          ]
        }
      ]
    },
    {
      "mode": "managed",
      "type": "aws_subnet",
      "name": "public",
      "provider": "provider[\"registry.terraform.io/hashicorp/aws\"]",
      "instances": [
        {
          "index_key": 0,
          "schema_version": 1,
          "attributes": {
            "arn": "arn:aws:ec2:eu-central-1:337909760920:subnet/subnet-075d34265c7fccfad",
            "assign_ipv6_address_on_creation": false,
            "availability_zone": "eu-central-1a",
            "availability_zone_id": "euc1-az2",
            "cidr_block": "10.0.1.0/24",
            "customer_owned_ipv4_pool": "",
            "enable_dns64": false,
            "enable_lni_at_device_index": 0,
            "enable_resource_name_dns_a_record_on_launch": false,
            "enable_resource_name_dns_aaaa_record_on_launch": false,
            "id": "subnet-075d34265c7fccfad",
            "ipv4_ipam_pool_id": null,
            "ipv4_netmask_length": null,
            "ipv6_cidr_block": "",
            "ipv6_cidr_block_association_id": "",
            "ipv6_ipam_pool_id": null,
            "ipv6_native": false,
            "ipv6_netmask_length": null,
            "map_customer_owned_ip_on_launch": false,
            "map_public_ip_on_launch": true,
            "outpost_arn": "",
            "owner_id": "337909760920",
            "private_dns_hostname_type_on_launch": "ip-name",
            "region": "eu-central-1",
            "tags": {
              "Environment": "dev",
              "ManagedBy": "Terraform",
              "Name": "skywatch-public-1",
              "Project": "skywatch",
              "kubernetes.io/role/elb": "1"
            },
            "tags_all": {
              "Environment": "dev",
              "ManagedBy": "Terraform",
              "Name": "skywatch-public-1",
              "Project": "skywatch",
              "kubernetes.io/role/elb": "1"
            },
            "timeouts": null,
            "vpc_id": "vpc-02d46e93092e86d55"
          },
          "sensitive_attributes": [],
          "identity_schema_version": 0,
          "identity": {
            "account_id": "337909760920",
            "id": "subnet-075d34265c7fccfad",
            "region": "eu-central-1"
          },
          "private": "eyJlMmJmYjczMC1lY2FhLTExZTYtOGY4OC0zNDM2M2JjN2M0YzAiOnsiY3JlYXRlIjo2MDAwMDAwMDAwMDAsImRlbGV0ZSI6MTIwMDAwMDAwMDAwMH0sInNjaGVtYV92ZXJzaW9uIjoiMSJ9",
          "dependencies": [
            "aws_vpc.main"
          ]
        },
        {
          "index_key": 1,
          "schema_version": 1,
          "attributes": {
            "arn": "arn:aws:ec2:eu-central-1:337909760920:subnet/subnet-06c536a6136c85140",
            "assign_ipv6_address_on_creation": false,
            "availability_zone": "eu-central-1b",
            "availability_zone_id": "euc1-az3",
            "cidr_block": "10.0.2.0/24",
            "customer_owned_ipv4_pool": "",
            "enable_dns64": false,
            "enable_lni_at_device_index": 0,
            "enable_resource_name_dns_a_record_on_launch": false,
            "enable_resource_name_dns_aaaa_record_on_launch": false,
            "id": "subnet-06c536a6136c85140",
            "ipv4_ipam_pool_id": null,
            "ipv4_netmask_length": null,
            "ipv6_cidr_block": "",
            "ipv6_cidr_block_association_id": "",
            "ipv6_ipam_pool_id": null,
            "ipv6_native": false,
            "ipv6_netmask_length": null,
            "map_customer_owned_ip_on_launch": false,
            "map_public_ip_on_launch": true,
            "outpost_arn": "",
            "owner_id": "337909760920",
            "private_dns_hostname_type_on_launch": "ip-name",
            "region": "eu-central-1",
            "tags": {
              "Environment": "dev",
              "ManagedBy": "Terraform",
              "Name": "skywatch-public-2",
              "Project": "skywatch",
              "kubernetes.io/role/elb": "1"
            },
            "tags_all": {
              "Environment": "dev",
              "ManagedBy": "Terraform",
              "Name": "skywatch-public-2",
              "Project": "skywatch",
              "kubernetes.io/role/elb": "1"
            },
            "timeouts": null,
            "vpc_id": "vpc-02d46e93092e86d55"
          },
          "sensitive_attributes": [],
          "identity_schema_version": 0,
          "identity": {
            "account_id": "337909760920",
            "id": "subnet-06c536a6136c85140",
            "region": "eu-central-1"
          },
          "private": "eyJlMmJmYjczMC1lY2FhLTExZTYtOGY4OC0zNDM2M2JjN2M0YzAiOnsiY3JlYXRlIjo2MDAwMDAwMDAwMDAsImRlbGV0ZSI6MTIwMDAwMDAwMDAwMH0sInNjaGVtYV92ZXJzaW9uIjoiMSJ9",
          "dependencies": [
            "aws_vpc.main"
          ]
        }
      ]
    },
    {
      "mode": "managed",
      "type": "aws_vpc",
      "name": "main",
      "provider": "provider[\"registry.terraform.io/hashicorp/aws\"]",
      "instances": [
        {
          "schema_version": 1,
          "attributes": {
            "arn": "arn:aws:ec2:eu-central-1:337909760920:vpc/vpc-02d46e93092e86d55",
            "assign_generated_ipv6_cidr_block": false,
            "cidr_block": "10.0.0.0/16",
            "default_network_acl_id": "acl-08bb15348b35e6a57",
            "default_route_table_id": "rtb-0b16162d509da167a",
            "default_security_group_id": "sg-0cbe3ba6accbaa9de",
            "dhcp_options_id": "dopt-059339360a3a91c11",
            "enable_dns_hostnames": true,
            "enable_dns_support": true,
            "enable_network_address_usage_metrics": false,
            "id": "vpc-02d46e93092e86d55",
            "instance_tenancy": "default",
            "ipv4_ipam_pool_id": null,
            "ipv4_netmask_length": null,
            "ipv6_association_id": "",
            "ipv6_cidr_block": "",
            "ipv6_cidr_block_network_border_group": "",
            "ipv6_ipam_pool_id": "",
            "ipv6_netmask_length": 0,
            "main_route_table_id": "rtb-0b16162d509da167a",
            "owner_id": "337909760920",
            "region": "eu-central-1",
            "tags": {
              "Environment": "dev",
              "ManagedBy": "Terraform",
              "Name": "skywatch-vpc",
              "Project": "skywatch"
            },
            "tags_all": {
              "Environment": "dev",
              "ManagedBy": "Terraform",
              "Name": "skywatch-vpc",
              "Project": "skywatch"
            }
          },
          "sensitive_attributes": [],
          "identity_schema_version": 0,
          "identity": {
            "account_id": "337909760920",
            "id": "vpc-02d46e93092e86d55",
            "region": "eu-central-1"
          },
          "private": "eyJzY2hlbWFfdmVyc2lvbiI6IjEifQ=="
        }
      ]
    }
  ],
  "check_results": null
}
